
Microsoft Visual Studio Solution File, Format Version 12.00
# Visual Studio Version 16
VisualStudioVersion = 16.0.29215.179
MinimumVisualStudioVersion = 10.0.40219.1
Project("{8BC9CEB8-8B4A-11D0-8D11-00A0C91BC942}") = "Lab8DnDGameDll", "Lab8DnDGameDll\Lab8DnDGameDll.vcxproj", "{B0C44266-6A98-4E32-8E4B-D7DB529420E4}"
EndProject
Project("{8BC9CEB8-8B4A-11D0-8D11-00A0C91BC942}") = "Lab8DnDGameEXE", "Lab8DnDGameEXE\Lab8DnDGameEXE.vcxproj", "{D3B78153-045A-417A-90FE-CC6B945C60E3}"
EndProject
Project("{8BC9CEB8-8B4A-11D0-8D11-00A0C91BC942}") = "Lab8UnitTests", "Lab8UnitTests\Lab8UnitTests.vcxproj", "{7B03F3CF-DD09-4A65-9E02-F94F76716549}"
EndProject
Global
	GlobalSection(SolutionConfigurationPlatforms) = preSolution
		Debug|x64 = Debug|x64
		Debug|x86 = Debug|x86
		Release|x64 = Release|x64
		Release|x86 = Release|x86
	EndGlobalSection
	GlobalSection(ProjectConfigurationPlatforms) = postSolution
		{B0C44266-6A98-4E32-8E4B-D7DB529420E4}.Debug|x64.ActiveCfg = Debug|x64
		{B0C44266-6A98-4E32-8E4B-D7DB529420E4}.Debug|x64.Build.0 = Debug|x64
		{B0C44266-6A98-4E32-8E4B-D7DB529420E4}.Debug|x86.ActiveCfg = Debug|Win32
		{B0C44266-6A98-4E32-8E4B-D7DB529420E4}.Debug|x86.Build.0 = Debug|Win32
		{B0C44266-6A98-4E32-8E4B-D7DB529420E4}.Release|x64.ActiveCfg = Release|x64
		{B0C44266-6A98-4E32-8E4B-D7DB529420E4}.Release|x64.Build.0 = Release|x64
		{B0C44266-6A98-4E32-8E4B-D7DB529420E4}.Release|x86.ActiveCfg = Release|Win32
		{B0C44266-6A98-4E32-8E4B-D7DB529420E4}.Release|x86.Build.0 = Release|Win32
		{D3B78153-045A-417A-90FE-CC6B945C60E3}.Debug|x64.ActiveCfg = Debug|x64
		{D3B78153-045A-417A-90FE-CC6B945C60E3}.Debug|x64.Build.0 = Debug|x64
		{D3B78153-045A-417A-90FE-CC6B945C60E3}.Debug|x86.ActiveCfg = Debug|Win32
		{D3B78153-045A-417A-90FE-CC6B945C60E3}.Debug|x86.Build.0 = Debug|Win32
		{D3B78153-045A-417A-90FE-CC6B945C60E3}.Release|x64.ActiveCfg = Release|x64
		{D3B78153-045A-417A-90FE-CC6B945C60E3}.Release|x64.Build.0 = Release|x64
		{D3B78153-045A-417A-90FE-CC6B945C60E3}.Release|x86.ActiveCfg = Release|Win32
		{D3B78153-045A-417A-90FE-CC6B945C60E3}.Release|x86.Build.0 = Release|Win32
		{7B03F3CF-DD09-4A65-9E02-F94F76716549}.Debug|x64.ActiveCfg = Debug|x64
		{7B03F3CF-DD09-4A65-9E02-F94F76716549}.Debug|x64.Build.0 = Debug|x64
		{7B03F3CF-DD09-4A65-9E02-F94F76716549}.Debug|x86.ActiveCfg = Debug|Win32
		{7B03F3CF-DD09-4A65-9E02-F94F76716549}.Debug|x86.Build.0 = Debug|Win32
		{7B03F3CF-DD09-4A65-9E02-F94F76716549}.Release|x64.ActiveCfg = Release|x64
		{7B03F3CF-DD09-4A65-9E02-F94F76716549}.Release|x64.Build.0 = Release|x64
		{7B03F3CF-DD09-4A65-9E02-F94F76716549}.Release|x86.ActiveCfg = Release|Win32
		{7B03F3CF-DD09-4A65-9E02-F94F76716549}.Release|x86.Build.0 = Release|Win32
	EndGlobalSection
	GlobalSection(SolutionProperties) = preSolution
		HideSolutionNode = FALSE
	EndGlobalSection
	GlobalSection(ExtensibilityGlobals) = postSolution
		SolutionGuid = {767FCE8E-F102-4DDE-90F9-BBEBB88356D8}
	EndGlobalSection
EndGlobal
